
Microsoft Visual Studio Solution File, Format Version 12.00
# Visual Studio Version 17
VisualStudioVersion = 17.9.34728.123
MinimumVisualStudioVersion = 10.0.40219.1
Project("{FAE04EC0-301F-11D3-BF4B-00C04F79EFBC}") = "Login", "Login.csproj", "{9211EBA3-6990-472A-B15D-DAE72358DBEE}"
EndProject
Global
	GlobalSection(SolutionConfigurationPlatforms) = preSolution
		Debug|Any CPU = Debug|Any CPU
		Release|Any CPU = Release|Any CPU
	EndGlobalSection
	GlobalSection(ProjectConfigurationPlatforms) = postSolution
		{9211EBA3-6990-472A-B15D-DAE72358DBEE}.Debug|Any CPU.ActiveCfg = Debug|Any CPU
		{9211EBA3-6990-472A-B15D-DAE72358DBEE}.Debug|Any CPU.Build.0 = Debug|Any CPU
		{9211EBA3-6990-472A-B15D-DAE72358DBEE}.Release|Any CPU.ActiveCfg = Release|Any CPU
		{9211EBA3-6990-472A-B15D-DAE72358DBEE}.Release|Any CPU.Build.0 = Release|Any CPU
	EndGlobalSection
	GlobalSection(SolutionProperties) = preSolution
		HideSolutionNode = FALSE
	EndGlobalSection
	GlobalSection(ExtensibilityGlobals) = postSolution
		SolutionGuid = {79C64386-A3B7-4975-97A3-1966F99CBECF}
	EndGlobalSection
EndGlobal
